
Microsoft Visual Studio Solution File, Format Version 12.00
# Visual Studio Version 16
VisualStudioVersion = 16.0.30907.101
MinimumVisualStudioVersion = 10.0.40219.1
Project("{9A19103F-16F7-4668-BE54-9A1E7A4F7556}") = "WebTest_TESS", "WebTest_TESS\WebTest_TESS.csproj", "{EE281C51-4BE5-4BA5-AADC-8DCAE9B9C8ED}"
EndProject
Global
	GlobalSection(SolutionConfigurationPlatforms) = preSolution
		Debug|Any CPU = Debug|Any CPU
		Release|Any CPU = Release|Any CPU
	EndGlobalSection
	GlobalSection(ProjectConfigurationPlatforms) = postSolution
		{EE281C51-4BE5-4BA5-AADC-8DCAE9B9C8ED}.Debug|Any CPU.ActiveCfg = Debug|Any CPU
		{EE281C51-4BE5-4BA5-AADC-8DCAE9B9C8ED}.Debug|Any CPU.Build.0 = Debug|Any CPU
		{EE281C51-4BE5-4BA5-AADC-8DCAE9B9C8ED}.Release|Any CPU.ActiveCfg = Release|Any CPU
		{EE281C51-4BE5-4BA5-AADC-8DCAE9B9C8ED}.Release|Any CPU.Build.0 = Release|Any CPU
	EndGlobalSection
	GlobalSection(SolutionProperties) = preSolution
		HideSolutionNode = FALSE
	EndGlobalSection
	GlobalSection(ExtensibilityGlobals) = postSolution
		SolutionGuid = {BC759240-8BC2-4352-8760-1C9808BF5FAF}
	EndGlobalSection
EndGlobal
